// !$*UTF8*$!
{
	archiveVersion = 1;
	classes = {
	};
	objectVersion = 50;
	objects = {

/* Begin PBXBuildFile section */
		D5A7CB7C24419C0600A09462 /* AppDelegate.swift in Sources */ = {isa = PBXBuildFile; fileRef = D5A7CB7B24419C0600A09462 /* AppDelegate.swift */; };
		D5A7CB7E24419C0600A09462 /* SceneDelegate.swift in Sources */ = {isa = PBXBuildFile; fileRef = D5A7CB7D24419C0600A09462 /* SceneDelegate.swift */; };
		D5A7CB8024419C0600A09462 /* ContentView.swift in Sources */ = {isa = PBXBuildFile; fileRef = D5A7CB7F24419C0600A09462 /* ContentView.swift */; };
		D5A7CB8224419C0600A09462 /* Assets.xcassets in Resources */ = {isa = PBXBuildFile; fileRef = D5A7CB8124419C0600A09462 /* Assets.xcassets */; };
		D5A7CB8524419C0600A09462 /* Preview Assets.xcassets in Resources */ = {isa = PBXBuildFile; fileRef = D5A7CB8424419C0600A09462 /* Preview Assets.xcassets */; };
		D5A7CB8824419C0600A09462 /* LaunchScreen.storyboard in Resources */ = {isa = PBXBuildFile; fileRef = D5A7CB8624419C0600A09462 /* LaunchScreen.storyboard */; };
		D5A7CB9324419C0600A09462 /* TestGitTests.swift in Sources */ = {isa = PBXBuildFile; fileRef = D5A7CB9224419C0600A09462 /* TestGitTests.swift */; };
		D5A7CB9E24419C0600A09462 /* TestGitUITests.swift in Sources */ = {isa = PBXBuildFile; fileRef = D5A7CB9D24419C0600A09462 /* TestGitUITests.swift */; };
/* End PBXBuildFile section */

/* Begin PBXContainerItemProxy section */
		D5A7CB8F24419C0600A09462 /* PBXContainerItemProxy */ = {
			isa = PBXContainerItemProxy;
			containerPortal = D5A7CB7024419C0500A09462 /* Project object */;
			proxyType = 1;
			remoteGlobalIDString = D5A7CB7724419C0600A09462;
			remoteInfo = TestGit;
		};
		D5A7CB9A24419C0600A09462 /* PBXContainerItemProxy */ = {
			isa = PBXContainerItemProxy;
			containerPortal = D5A7CB7024419C0500A09462 /* Project object */;
			proxyType = 1;
			remoteGlobalIDString = D5A7CB7724419C0600A09462;
			remoteInfo = TestGit;
		};
/* End PBXContainerItemProxy section */

/* Begin PBXFileReference section */
		D5A7CB7824419C0600A09462 /* TestGit.app */ = {isa = PBXFileReference; explicitFileType = wrapper.application; includeInIndex = 0; path = TestGit.app; sourceTree = BUILT_PRODUCTS_DIR; };
		D5A7CB7B24419C0600A09462 /* AppDelegate.swift */ = {isa = PBXFileReference; lastKnownFileType = sourcecode.swift; path = AppDelegate.swift; sourceTree = "<group>"; };
		D5A7CB7D24419C0600A09462 /* SceneDelegate.swift */ = {isa = PBXFileReference; lastKnownFileType = sourcecode.swift; path = SceneDelegate.swift; sourceTree = "<group>"; };
		D5A7CB7F24419C0600A09462 /* ContentView.swift */ = {isa = PBXFileReference; lastKnownFileType = sourcecode.swift; path = ContentView.swift; sourceTree = "<group>"; };
		D5A7CB8124419C0600A09462 /* Assets.xcassets */ = {isa = PBXFileReference; lastKnownFileType = folder.assetcatalog; path = Assets.xcassets; sourceTree = "<group>"; };
		D5A7CB8424419C0600A09462 /* Preview Assets.xcassets */ = {isa = PBXFileReference; lastKnownFileType = folder.assetcatalog; path = "Preview Assets.xcassets"; sourceTree = "<group>"; };
		D5A7CB8724419C0600A09462 /* Base */ = {isa = PBXFileReference; lastKnownFileType = file.storyboard; name = Base; path = Base.lproj/LaunchScreen.storyboard; sourceTree = "<group>"; };
		D5A7CB8924419C0600A09462 /* Info.plist */ = {isa = PBXFileReference; lastKnownFileType = text.plist.xml; path = Info.plist; sourceTree = "<group>"; };
		D5A7CB8E24419C0600A09462 /* TestGitTests.xctest */ = {isa = PBXFileReference; explicitFileType = wrapper.cfbundle; includeInIndex = 0; path = TestGitTests.xctest; sourceTree = BUILT_PRODUCTS_DIR; };
		D5A7CB9224419C0600A09462 /* TestGitTests.swift */ = {isa = PBXFileReference; lastKnownFileType = sourcecode.swift; path = TestGitTests.swift; sourceTree = "<group>"; };
		D5A7CB9424419C0600A09462 /* Info.plist */ = {isa = PBXFileReference; lastKnownFileType = text.plist.xml; path = Info.plist; sourceTree = "<group>"; };
		D5A7CB9924419C0600A09462 /* TestGitUITests.xctest */ = {isa = PBXFileReference; explicitFileType = wrapper.cfbundle; includeInIndex = 0; path = TestGitUITests.xctest; sourceTree = BUILT_PRODUCTS_DIR; };
		D5A7CB9D24419C0600A09462 /* TestGitUITests.swift */ = {isa = PBXFileReference; lastKnownFileType = sourcecode.swift; path = TestGitUITests.swift; sourceTree = "<group>"; };
		D5A7CB9F24419C0600A09462 /* Info.plist */ = {isa = PBXFileReference; lastKnownFileType = text.plist.xml; path = Info.plist; sourceTree = "<group>"; };
/* End PBXFileReference section */

/* Begin PBXFrameworksBuildPhase section */
		D5A7CB7524419C0600A09462 /* Frameworks */ = {
			isa = PBXFrameworksBuildPhase;
			buildActionMask = 2147483647;
			files = (
			);
			runOnlyForDeploymentPostprocessing = 0;
		};
		D5A7CB8B24419C0600A09462 /* Frameworks */ = {
			isa = PBXFrameworksBuildPhase;
			buildActionMask = 2147483647;
			files = (
			);
			runOnlyForDeploymentPostprocessing = 0;
		};
		D5A7CB9624419C0600A09462 /* Frameworks */ = {
			isa = PBXFrameworksBuildPhase;
			buildActionMask = 2147483647;
			files = (
			);
			runOnlyForDeploymentPostprocessing = 0;
		};
/* End PBXFrameworksBuildPhase section */

/* Begin PBXGroup section */
		D5A7CB6F24419C0500A09462 = {
			isa = PBXGroup;
			children = (
				D5A7CB7A24419C0600A09462 /* TestGit */,
				D5A7CB9124419C0600A09462 /* TestGitTests */,
				D5A7CB9C24419C0600A09462 /* TestGitUITests */,
				D5A7CB7924419C0600A09462 /* Products */,
			);
			sourceTree = "<group>";
		};
		D5A7CB7924419C0600A09462 /* Products */ = {
			isa = PBXGroup;
			children = (
				D5A7CB7824419C0600A09462 /* TestGit.app */,
				D5A7CB8E24419C0600A09462 /* TestGitTests.xctest */,
				D5A7CB9924419C0600A09462 /* TestGitUITests.xctest */,
			);
			name = Products;
			sourceTree = "<group>";
		};
		D5A7CB7A24419C0600A09462 /* TestGit */ = {
			isa = PBXGroup;
			children = (
				D5A7CB7B24419C0600A09462 /* AppDelegate.swift */,
				D5A7CB7D24419C0600A09462 /* SceneDelegate.swift */,
				D5A7CB7F24419C0600A09462 /* ContentView.swift */,
				D5A7CB8124419C0600A09462 /* Assets.xcassets */,
				D5A7CB8624419C0600A09462 /* LaunchScreen.storyboard */,
				D5A7CB8924419C0600A09462 /* Info.plist */,
				D5A7CB8324419C0600A09462 /* Preview Content */,
			);
			path = TestGit;
			sourceTree = "<group>";
		};
		D5A7CB8324419C0600A09462 /* Preview Content */ = {
			isa = PBXGroup;
			children = (
				D5A7CB8424419C0600A09462 /* Preview Assets.xcassets */,
			);
			path = "Preview Content";
			sourceTree = "<group>";
		};
		D5A7CB9124419C0600A09462 /* TestGitTests */ = {
			isa = PBXGroup;
			children = (
				D5A7CB9224419C0600A09462 /* TestGitTests.swift */,
				D5A7CB9424419C0600A09462 /* Info.plist */,
			);
			path = TestGitTests;
			sourceTree = "<group>";
		};
		D5A7CB9C24419C0600A09462 /* TestGitUITests */ = {
			isa = PBXGroup;
			children = (
				D5A7CB9D24419C0600A09462 /* TestGitUITests.swift */,
				D5A7CB9F24419C0600A09462 /* Info.plist */,
			);
			path = TestGitUITests;
			sourceTree = "<group>";
		};
/* End PBXGroup section */

/* Begin PBXNativeTarget section */
		D5A7CB7724419C0600A09462 /* TestGit */ = {
			isa = PBXNativeTarget;
			buildConfigurationList = D5A7CBA224419C0700A09462 /* Build configuration list for PBXNativeTarget "TestGit" */;
			buildPhases = (
				D5A7CB7424419C0600A09462 /* Sources */,
				D5A7CB7524419C0600A09462 /* Frameworks */,
				D5A7CB7624419C0600A09462 /* Resources */,
			);
			buildRules = (
			);
			dependencies = (
			);
			name = TestGit;
			productName = TestGit;
			productReference = D5A7CB7824419C0600A09462 /* TestGit.app */;
			productType = "com.apple.product-type.application";
		};
		D5A7CB8D24419C0600A09462 /* TestGitTests */ = {
			isa = PBXNativeTarget;
			buildConfigurationList = D5A7CBA524419C0700A09462 /* Build configuration list for PBXNativeTarget "TestGitTests" */;
			buildPhases = (
				D5A7CB8A24419C0600A09462 /* Sources */,
				D5A7CB8B24419C0600A09462 /* Frameworks */,
				D5A7CB8C24419C0600A09462 /* Resources */,
			);
			buildRules = (
			);
			dependencies = (
				D5A7CB9024419C0600A09462 /* PBXTargetDependency */,
			);
			name = TestGitTests;
			productName = TestGitTests;
			productReference = D5A7CB8E24419C0600A09462 /* TestGitTests.xctest */;
			productType = "com.apple.product-type.bundle.unit-test";
		};
		D5A7CB9824419C0600A09462 /* TestGitUITests */ = {
			isa = PBXNativeTarget;
			buildConfigurationList = D5A7CBA824419C0700A09462 /* Build configuration list for PBXNativeTarget "TestGitUITests" */;
			buildPhases = (
				D5A7CB9524419C0600A09462 /* Sources */,
				D5A7CB9624419C0600A09462 /* Frameworks */,
				D5A7CB9724419C0600A09462 /* Resources */,
			);
			buildRules = (
			);
			dependencies = (
				D5A7CB9B24419C0600A09462 /* PBXTargetDependency */,
			);
			name = TestGitUITests;
			productName = TestGitUITests;
			productReference = D5A7CB9924419C0600A09462 /* TestGitUITests.xctest */;
			productType = "com.apple.product-type.bundle.ui-testing";
		};
/* End PBXNativeTarget section */

/* Begin PBXProject section */
		D5A7CB7024419C0500A09462 /* Project object */ = {
			isa = PBXProject;
			attributes = {
				LastSwiftUpdateCheck = 1140;
				LastUpgradeCheck = 1140;
				ORGANIZATIONNAME = "Babuli Sahoo";
				TargetAttributes = {
					D5A7CB7724419C0600A09462 = {
						CreatedOnToolsVersion = 11.4;
					};
					D5A7CB8D24419C0600A09462 = {
						CreatedOnToolsVersion = 11.4;
						TestTargetID = D5A7CB7724419C0600A09462;
					};
					D5A7CB9824419C0600A09462 = {
						CreatedOnToolsVersion = 11.4;
						TestTargetID = D5A7CB7724419C0600A09462;
					};
				};
			};
			buildConfigurationList = D5A7CB7324419C0500A09462 /* Build configuration list for PBXProject "TestGit" */;
			compatibilityVersion = "Xcode 9.3";
			developmentRegion = en;
			hasScannedForEncodings = 0;
			knownRegions = (
				en,
				Base,
			);
			mainGroup = D5A7CB6F24419C0500A09462;
			productRefGroup = D5A7CB7924419C0600A09462 /* Products */;
			projectDirPath = "";
			projectRoot = "";
			targets = (
				D5A7CB7724419C0600A09462 /* TestGit */,
				D5A7CB8D24419C0600A09462 /* TestGitTests */,
				D5A7CB9824419C0600A09462 /* TestGitUITests */,
			);
		};
/* End PBXProject section */

/* Begin PBXResourcesBuildPhase section */
		D5A7CB7624419C0600A09462 /* Resources */ = {
			isa = PBXResourcesBuildPhase;
			buildActionMask = 2147483647;
			files = (
				D5A7CB8824419C0600A09462 /* LaunchScreen.storyboard in Resources */,
				D5A7CB8524419C0600A09462 /* Preview Assets.xcassets in Resources */,
				D5A7CB8224419C0600A09462 /* Assets.xcassets in Resources */,
			);
			runOnlyForDeploymentPostprocessing = 0;
		};
		D5A7CB8C24419C0600A09462 /* Resources */ = {
			isa = PBXResourcesBuildPhase;
			buildActionMask = 2147483647;
			files = (
			);
			runOnlyForDeploymentPostprocessing = 0;
		};
		D5A7CB9724419C0600A09462 /* Resources */ = {
			isa = PBXResourcesBuildPhase;
			buildActionMask = 2147483647;
			files = (
			);
			runOnlyForDeploymentPostprocessing = 0;
		};
/* End PBXResourcesBuildPhase section */

/* Begin PBXSourcesBuildPhase section */
		D5A7CB7424419C0600A09462 /* Sources */ = {
			isa = PBXSourcesBuildPhase;
			buildActionMask = 2147483647;
			files = (
				D5A7CB7C24419C0600A09462 /* AppDelegate.swift in Sources */,
				D5A7CB7E24419C0600A09462 /* SceneDelegate.swift in Sources */,
				D5A7CB8024419C0600A09462 /* ContentView.swift in Sources */,
			);
			runOnlyForDeploymentPostprocessing = 0;
		};
		D5A7CB8A24419C0600A09462 /* Sources */ = {
			isa = PBXSourcesBuildPhase;
			buildActionMask = 2147483647;
			files = (
				D5A7CB9324419C0600A09462 /* TestGitTests.swift in Sources */,
			);
			runOnlyForDeploymentPostprocessing = 0;
		};
		D5A7CB9524419C0600A09462 /* Sources */ = {
			isa = PBXSourcesBuildPhase;
			buildActionMask = 2147483647;
			files = (
				D5A7CB9E24419C0600A09462 /* TestGitUITests.swift in Sources */,
			);
			runOnlyForDeploymentPostprocessing = 0;
		};
/* End PBXSourcesBuildPhase section */

/* Begin PBXTargetDependency section */
		D5A7CB9024419C0600A09462 /* PBXTargetDependency */ = {
			isa = PBXTargetDependency;
			target = D5A7CB7724419C0600A09462 /* TestGit */;
			targetProxy = D5A7CB8F24419C0600A09462 /* PBXContainerItemProxy */;
		};
		D5A7CB9B24419C0600A09462 /* PBXTargetDependency */ = {
			isa = PBXTargetDependency;
			target = D5A7CB7724419C0600A09462 /* TestGit */;
			targetProxy = D5A7CB9A24419C0600A09462 /* PBXContainerItemProxy */;
		};
/* End PBXTargetDependency section */

/* Begin PBXVariantGroup section */
		D5A7CB8624419C0600A09462 /* LaunchScreen.storyboard */ = {
			isa = PBXVariantGroup;
			children = (
				D5A7CB8724419C0600A09462 /* Base */,
			);
			name = LaunchScreen.storyboard;
			sourceTree = "<group>";
		};
/* End PBXVariantGroup section */

/* Begin XCBuildConfiguration section */
		D5A7CBA024419C0700A09462 /* Debug */ = {
			isa = XCBuildConfiguration;
			buildSettings = {
				ALWAYS_SEARCH_USER_PATHS = NO;
				CLANG_ANALYZER_NONNULL = YES;
				CLANG_ANALYZER_NUMBER_OBJECT_CONVERSION = YES_AGGRESSIVE;
				CLANG_CXX_LANGUAGE_STANDARD = "gnu++14";
				CLANG_CXX_LIBRARY = "libc++";
				CLANG_ENABLE_MODULES = YES;
				CLANG_ENABLE_OBJC_ARC = YES;
				CLANG_ENABLE_OBJC_WEAK = YES;
				CLANG_WARN_BLOCK_CAPTURE_AUTORELEASING = YES;
				CLANG_WARN_BOOL_CONVERSION = YES;
				CLANG_WARN_COMMA = YES;
				CLANG_WARN_CONSTANT_CONVERSION = YES;
				CLANG_WARN_DEPRECATED_OBJC_IMPLEMENTATIONS = YES;
				CLANG_WARN_DIRECT_OBJC_ISA_USAGE = YES_ERROR;
				CLANG_WARN_DOCUMENTATION_COMMENTS = YES;
				CLANG_WARN_EMPTY_BODY = YES;
				CLANG_WARN_ENUM_CONVERSION = YES;
				CLANG_WARN_INFINITE_RECURSION = YES;
				CLANG_WARN_INT_CONVERSION = YES;
				CLANG_WARN_NON_LITERAL_NULL_CONVERSION = YES;
				CLANG_WARN_OBJC_IMPLICIT_RETAIN_SELF = YES;
				CLANG_WARN_OBJC_LITERAL_CONVERSION = YES;
				CLANG_WARN_OBJC_ROOT_CLASS = YES_ERROR;
				CLANG_WARN_RANGE_LOOP_ANALYSIS = YES;
				CLANG_WARN_STRICT_PROTOTYPES = YES;
				CLANG_WARN_SUSPICIOUS_MOVE = YES;
				CLANG_WARN_UNGUARDED_AVAILABILITY = YES_AGGRESSIVE;
				CLANG_WARN_UNREACHABLE_CODE = YES;
				CLANG_WARN__DUPLICATE_METHOD_MATCH = YES;
				COPY_PHASE_STRIP = NO;
				DEBUG_INFORMATION_FORMAT = dwarf;
				ENABLE_STRICT_OBJC_MSGSEND = YES;
				ENABLE_TESTABILITY = YES;
				GCC_C_LANGUAGE_STANDARD = gnu11;
				GCC_DYNAMIC_NO_PIC = NO;
				GCC_NO_COMMON_BLOCKS = YES;
				GCC_OPTIMIZATION_LEVEL = 0;
				GCC_PREPROCESSOR_DEFINITIONS = (
					"DEBUG=1",
					"$(inherited)",
				);
				GCC_WARN_64_TO_32_BIT_CONVERSION = YES;
				GCC_WARN_ABOUT_RETURN_TYPE = YES_ERROR;
				GCC_WARN_UNDECLARED_SELECTOR = YES;
				GCC_WARN_UNINITIALIZED_AUTOS = YES_AGGRESSIVE;
				GCC_WARN_UNUSED_FUNCTION = YES;
				GCC_WARN_UNUSED_VARIABLE = YES;
				IPHONEOS_DEPLOYMENT_TARGET = 13.4;
				MTL_ENABLE_DEBUG_INFO = INCLUDE_SOURCE;
				MTL_FAST_MATH = YES;
				ONLY_ACTIVE_ARCH = YES;
				SDKROOT = iphoneos;
				SWIFT_ACTIVE_COMPILATION_CONDITIONS = DEBUG;
				SWIFT_OPTIMIZATION_LEVEL = "-Onone";
			};
			name = Debug;
		};
		D5A7CBA124419C0700A09462 /* Release */ = {
			isa = XCBuildConfiguration;
			buildSettings = {
				ALWAYS_SEARCH_USER_PATHS = NO;
				CLANG_ANALYZER_NONNULL = YES;
				CLANG_ANALYZER_NUMBER_OBJECT_CONVERSION = YES_AGGRESSIVE;
				CLANG_CXX_LANGUAGE_STANDARD = "gnu++14";
				CLANG_CXX_LIBRARY = "libc++";
				CLANG_ENABLE_MODULES = YES;
				CLANG_ENABLE_OBJC_ARC = YES;
				CLANG_ENABLE_OBJC_WEAK = YES;
				CLANG_WARN_BLOCK_CAPTURE_AUTORELEASING = YES;
				CLANG_WARN_BOOL_CONVERSION = YES;
				CLANG_WARN_COMMA = YES;
				CLANG_WARN_CONSTANT_CONVERSION = YES;
				CLANG_WARN_DEPRECATED_OBJC_IMPLEMENTATIONS = YES;
				CLANG_WARN_DIRECT_OBJC_ISA_USAGE = YES_ERROR;
				CLANG_WARN_DOCUMENTATION_COMMENTS = YES;
				CLANG_WARN_EMPTY_BODY = YES;
				CLANG_WARN_ENUM_CONVERSION = YES;
				CLANG_WARN_INFINITE_RECURSION = YES;
				CLANG_WARN_INT_CONVERSION = YES;
				CLANG_WARN_NON_LITERAL_NULL_CONVERSION = YES;
				CLANG_WARN_OBJC_IMPLICIT_RETAIN_SELF = YES;
				CLANG_WARN_OBJC_LITERAL_CONVERSION = YES;
				CLANG_WARN_OBJC_ROOT_CLASS = YES_ERROR;
				CLANG_WARN_RANGE_LOOP_ANALYSIS = YES;
				CLANG_WARN_STRICT_PROTOTYPES = YES;
				CLANG_WARN_SUSPICIOUS_MOVE = YES;
				CLANG_WARN_UNGUARDED_AVAILABILITY = YES_AGGRESSIVE;
				CLANG_WARN_UNREACHABLE_CODE = YES;
				CLANG_WARN__DUPLICATE_METHOD_MATCH = YES;
				COPY_PHASE_STRIP = NO;
				DEBUG_INFORMATION_FORMAT = "dwarf-with-dsym";
				ENABLE_NS_ASSERTIONS = NO;
				ENABLE_STRICT_OBJC_MSGSEND = YES;
				GCC_C_LANGUAGE_STANDARD = gnu11;
				GCC_NO_COMMON_BLOCKS = YES;
				GCC_WARN_64_TO_32_BIT_CONVERSION = YES;
				GCC_WARN_ABOUT_RETURN_TYPE = YES_ERROR;
				GCC_WARN_UNDECLARED_SELECTOR = YES;
				GCC_WARN_UNINITIALIZED_AUTOS = YES_AGGRESSIVE;
				GCC_WARN_UNUSED_FUNCTION = YES;
				GCC_WARN_UNUSED_VARIABLE = YES;
				IPHONEOS_DEPLOYMENT_TARGET = 13.4;
				MTL_ENABLE_DEBUG_INFO = NO;
				MTL_FAST_MATH = YES;
				SDKROOT = iphoneos;
				SWIFT_COMPILATION_MODE = wholemodule;
				SWIFT_OPTIMIZATION_LEVEL = "-O";
				VALIDATE_PRODUCT = YES;
			};
			name = Release;
		};
		D5A7CBA324419C0700A09462 /* Debug */ = {
			isa = XCBuildConfiguration;
			buildSettings = {
				ASSETCATALOG_COMPILER_APPICON_NAME = AppIcon;
				CODE_SIGN_STYLE = Automatic;
				DEVELOPMENT_ASSET_PATHS = "\"TestGit/Preview Content\"";
				ENABLE_PREVIEWS = YES;
				INFOPLIST_FILE = TestGit/Info.plist;
				LD_RUNPATH_SEARCH_PATHS = (
					"$(inherited)",
					"@executable_path/Frameworks",
				);
				PRODUCT_BUNDLE_IDENTIFIER = com.babulisahoo.Test.TestGit;
				PRODUCT_NAME = "$(TARGET_NAME)";
				SWIFT_VERSION = 5.0;
				TARGETED_DEVICE_FAMILY = "1,2";
			};
			name = Debug;
		};
		D5A7CBA424419C0700A09462 /* Release */ = {
			isa = XCBuildConfiguration;
			buildSettings = {
				ASSETCATALOG_COMPILER_APPICON_NAME = AppIcon;
				CODE_SIGN_STYLE = Automatic;
				DEVELOPMENT_ASSET_PATHS = "\"TestGit/Preview Content\"";
				ENABLE_PREVIEWS = YES;
				INFOPLIST_FILE = TestGit/Info.plist;
				LD_RUNPATH_SEARCH_PATHS = (
					"$(inherited)",
					"@executable_path/Frameworks",
				);
				PRODUCT_BUNDLE_IDENTIFIER = com.babulisahoo.Test.TestGit;
				PRODUCT_NAME = "$(TARGET_NAME)";
				SWIFT_VERSION = 5.0;
				TARGETED_DEVICE_FAMILY = "1,2";
			};
			name = Release;
		};
		D5A7CBA624419C0700A09462 /* Debug */ = {
			isa = XCBuildConfiguration;
			buildSettings = {
				ALWAYS_EMBED_SWIFT_STANDARD_LIBRARIES = YES;
				BUNDLE_LOADER = "$(TEST_HOST)";
				CODE_SIGN_STYLE = Automatic;
				INFOPLIST_FILE = TestGitTests/Info.plist;
				IPHONEOS_DEPLOYMENT_TARGET = 13.4;
				LD_RUNPATH_SEARCH_PATHS = (
					"$(inherited)",
					"@executable_path/Frameworks",
					"@loader_path/Frameworks",
				);
				PRODUCT_BUNDLE_IDENTIFIER = com.babulisahoo.Test.TestGitTests;
				PRODUCT_NAME = "$(TARGET_NAME)";
				SWIFT_VERSION = 5.0;
				TARGETED_DEVICE_FAMILY = "1,2";
				TEST_HOST = "$(BUILT_PRODUCTS_DIR)/TestGit.app/TestGit";
			};
			name = Debug;
		};
		D5A7CBA724419C0700A09462 /* Release */ = {
			isa = XCBuildConfiguration;
			buildSettings = {
				ALWAYS_EMBED_SWIFT_STANDARD_LIBRARIES = YES;
				BUNDLE_LOADER = "$(TEST_HOST)";
				CODE_SIGN_STYLE = Automatic;
				INFOPLIST_FILE = TestGitTests/Info.plist;
				IPHONEOS_DEPLOYMENT_TARGET = 13.4;
				LD_RUNPATH_SEARCH_PATHS = (
					"$(inherited)",
					"@executable_path/Frameworks",
					"@loader_path/Frameworks",
				);
				PRODUCT_BUNDLE_IDENTIFIER = com.babulisahoo.Test.TestGitTests;
				PRODUCT_NAME = "$(TARGET_NAME)";
				SWIFT_VERSION = 5.0;
				TARGETED_DEVICE_FAMILY = "1,2";
				TEST_HOST = "$(BUILT_PRODUCTS_DIR)/TestGit.app/TestGit";
			};
			name = Release;
		};
		D5A7CBA924419C0700A09462 /* Debug */ = {
			isa = XCBuildConfiguration;
			buildSettings = {
				ALWAYS_EMBED_SWIFT_STANDARD_LIBRARIES = YES;
				CODE_SIGN_STYLE = Automatic;
				INFOPLIST_FILE = TestGitUITests/Info.plist;
				LD_RUNPATH_SEARCH_PATHS = (
					"$(inherited)",
					"@executable_path/Frameworks",
					"@loader_path/Frameworks",
				);
				PRODUCT_BUNDLE_IDENTIFIER = com.babulisahoo.Test.TestGitUITests;
				PRODUCT_NAME = "$(TARGET_NAME)";
				SWIFT_VERSION = 5.0;
				TARGETED_DEVICE_FAMILY = "1,2";
				TEST_TARGET_NAME = TestGit;
			};
			name = Debug;
		};
		D5A7CBAA24419C0700A09462 /* Release */ = {
			isa = XCBuildConfiguration;
			buildSettings = {
				ALWAYS_EMBED_SWIFT_STANDARD_LIBRARIES = YES;
				CODE_SIGN_STYLE = Automatic;
				INFOPLIST_FILE = TestGitUITests/Info.plist;
				LD_RUNPATH_SEARCH_PATHS = (
					"$(inherited)",
					"@executable_path/Frameworks",
					"@loader_path/Frameworks",
				);
				PRODUCT_BUNDLE_IDENTIFIER = com.babulisahoo.Test.TestGitUITests;
				PRODUCT_NAME = "$(TARGET_NAME)";
				SWIFT_VERSION = 5.0;
				TARGETED_DEVICE_FAMILY = "1,2";
				TEST_TARGET_NAME = TestGit;
			};
			name = Release;
		};
/* End XCBuildConfiguration section */

/* Begin XCConfigurationList section */
		D5A7CB7324419C0500A09462 /* Build configuration list for PBXProject "TestGit" */ = {
			isa = XCConfigurationList;
			buildConfigurations = (
				D5A7CBA024419C0700A09462 /* Debug */,
				D5A7CBA124419C0700A09462 /* Release */,
			);
			defaultConfigurationIsVisible = 0;
			defaultConfigurationName = Release;
		};
		D5A7CBA224419C0700A09462 /* Build configuration list for PBXNativeTarget "TestGit" */ = {
			isa = XCConfigurationList;
			buildConfigurations = (
				D5A7CBA324419C0700A09462 /* Debug */,
				D5A7CBA424419C0700A09462 /* Release */,
			);
			defaultConfigurationIsVisible = 0;
			defaultConfigurationName = Release;
		};
		D5A7CBA524419C0700A09462 /* Build configuration list for PBXNativeTarget "TestGitTests" */ = {
			isa = XCConfigurationList;
			buildConfigurations = (
				D5A7CBA624419C0700A09462 /* Debug */,
				D5A7CBA724419C0700A09462 /* Release */,
			);
			defaultConfigurationIsVisible = 0;
			defaultConfigurationName = Release;
		};
		D5A7CBA824419C0700A09462 /* Build configuration list for PBXNativeTarget "TestGitUITests" */ = {
			isa = XCConfigurationList;
			buildConfigurations = (
				D5A7CBA924419C0700A09462 /* Debug */,
				D5A7CBAA24419C0700A09462 /* Release */,
			);
			defaultConfigurationIsVisible = 0;
			defaultConfigurationName = Release;
		};
/* End XCConfigurationList section */
	};
	rootObject = D5A7CB7024419C0500A09462 /* Project object */;
}
